
Microsoft Visual Studio Solution File, Format Version 12.00
# Visual Studio Version 16
VisualStudioVersion = 16.0.29123.88
MinimumVisualStudioVersion = 10.0.40219.1
Project("{9A19103F-16F7-4668-BE54-9A1E7A4F7556}") = "Undani.Tracking.Execution", "Undani.Tracking.Execution\Undani.Tracking.Execution.csproj", "{C9509198-DED5-4F1D-BB89-8ECD1075FF34}"
EndProject
Project("{2150E333-8FDC-42A3-9474-1A3956D46DE8}") = "Execution", "Execution", "{C9D24A99-3CC6-4382-B309-9B2EF8C23437}"
EndProject
Project("{9A19103F-16F7-4668-BE54-9A1E7A4F7556}") = "Undani.Tracking.Execution.API", "Undani.Tracking.Execution.API\Undani.Tracking.Execution.API.csproj", "{0EA97819-1B74-49CA-BD47-B3C2AEF16E04}"
EndProject
Project("{9A19103F-16F7-4668-BE54-9A1E7A4F7556}") = "Undani.Tracking.Execution.Core", "Undani.Tracking.Execution.Core\Undani.Tracking.Execution.Core.csproj", "{A19484FC-C626-4D05-9490-77B5BBF3163C}"
EndProject
Project("{9A19103F-16F7-4668-BE54-9A1E7A4F7556}") = "Undani.Tracking", "Undani.Tracking\Undani.Tracking.csproj", "{A5DE225D-EE07-4E22-912B-C456A97FE319}"
EndProject
Project("{9A19103F-16F7-4668-BE54-9A1E7A4F7556}") = "Undani.Tracking.Custom", "Undani.Tracking.Custom\Undani.Tracking.Custom.csproj", "{B94E8D90-8300-4C69-A15C-726B62C3A6BC}"
EndProject
Global
	GlobalSection(SolutionConfigurationPlatforms) = preSolution
		Debug|Any CPU = Debug|Any CPU
		Release|Any CPU = Release|Any CPU
	EndGlobalSection
	GlobalSection(ProjectConfigurationPlatforms) = postSolution
		{C9509198-DED5-4F1D-BB89-8ECD1075FF34}.Debug|Any CPU.ActiveCfg = Debug|Any CPU
		{C9509198-DED5-4F1D-BB89-8ECD1075FF34}.Debug|Any CPU.Build.0 = Debug|Any CPU
		{C9509198-DED5-4F1D-BB89-8ECD1075FF34}.Release|Any CPU.ActiveCfg = Release|Any CPU
		{C9509198-DED5-4F1D-BB89-8ECD1075FF34}.Release|Any CPU.Build.0 = Release|Any CPU
		{0EA97819-1B74-49CA-BD47-B3C2AEF16E04}.Debug|Any CPU.ActiveCfg = Debug|Any CPU
		{0EA97819-1B74-49CA-BD47-B3C2AEF16E04}.Debug|Any CPU.Build.0 = Debug|Any CPU
		{0EA97819-1B74-49CA-BD47-B3C2AEF16E04}.Release|Any CPU.ActiveCfg = Release|Any CPU
		{0EA97819-1B74-49CA-BD47-B3C2AEF16E04}.Release|Any CPU.Build.0 = Release|Any CPU
		{A19484FC-C626-4D05-9490-77B5BBF3163C}.Debug|Any CPU.ActiveCfg = Debug|Any CPU
		{A19484FC-C626-4D05-9490-77B5BBF3163C}.Debug|Any CPU.Build.0 = Debug|Any CPU
		{A19484FC-C626-4D05-9490-77B5BBF3163C}.Release|Any CPU.ActiveCfg = Release|Any CPU
		{A19484FC-C626-4D05-9490-77B5BBF3163C}.Release|Any CPU.Build.0 = Release|Any CPU
		{A5DE225D-EE07-4E22-912B-C456A97FE319}.Debug|Any CPU.ActiveCfg = Debug|Any CPU
		{A5DE225D-EE07-4E22-912B-C456A97FE319}.Debug|Any CPU.Build.0 = Debug|Any CPU
		{A5DE225D-EE07-4E22-912B-C456A97FE319}.Release|Any CPU.ActiveCfg = Release|Any CPU
		{A5DE225D-EE07-4E22-912B-C456A97FE319}.Release|Any CPU.Build.0 = Release|Any CPU
		{B94E8D90-8300-4C69-A15C-726B62C3A6BC}.Debug|Any CPU.ActiveCfg = Debug|Any CPU
		{B94E8D90-8300-4C69-A15C-726B62C3A6BC}.Debug|Any CPU.Build.0 = Debug|Any CPU
		{B94E8D90-8300-4C69-A15C-726B62C3A6BC}.Release|Any CPU.ActiveCfg = Release|Any CPU
		{B94E8D90-8300-4C69-A15C-726B62C3A6BC}.Release|Any CPU.Build.0 = Release|Any CPU
	EndGlobalSection
	GlobalSection(SolutionProperties) = preSolution
		HideSolutionNode = FALSE
	EndGlobalSection
	GlobalSection(NestedProjects) = preSolution
		{C9509198-DED5-4F1D-BB89-8ECD1075FF34} = {C9D24A99-3CC6-4382-B309-9B2EF8C23437}
		{0EA97819-1B74-49CA-BD47-B3C2AEF16E04} = {C9D24A99-3CC6-4382-B309-9B2EF8C23437}
		{A19484FC-C626-4D05-9490-77B5BBF3163C} = {C9D24A99-3CC6-4382-B309-9B2EF8C23437}
	EndGlobalSection
	GlobalSection(ExtensibilityGlobals) = postSolution
		SolutionGuid = {8DD5D5E8-5B8C-4B2C-BF49-EF191A1ADA09}
	EndGlobalSection
EndGlobal
